
Microsoft Visual Studio Solution File, Format Version 12.00
# Visual Studio Version 17
VisualStudioVersion = 17.4.33213.308
MinimumVisualStudioVersion = 10.0.40219.1
Project("{FAE04EC0-301F-11D3-BF4B-00C04F79EFBC}") = "JobApplication", "JobApplication\JobApplication.csproj", "{2363F17C-8323-4E92-94FA-E0200623FA72}"
EndProject
Project("{FAE04EC0-301F-11D3-BF4B-00C04F79EFBC}") = "JobApplication.Unit.Test", "JobApplication.Unit.Test\JobApplication.Unit.Test.csproj", "{EA86F193-47F3-4C70-BEF0-3B4E283CA7EA}"
EndProject
Global
	GlobalSection(SolutionConfigurationPlatforms) = preSolution
		Debug|Any CPU = Debug|Any CPU
		Release|Any CPU = Release|Any CPU
	EndGlobalSection
	GlobalSection(ProjectConfigurationPlatforms) = postSolution
		{2363F17C-8323-4E92-94FA-E0200623FA72}.Debug|Any CPU.ActiveCfg = Debug|Any CPU
		{2363F17C-8323-4E92-94FA-E0200623FA72}.Debug|Any CPU.Build.0 = Debug|Any CPU
		{2363F17C-8323-4E92-94FA-E0200623FA72}.Release|Any CPU.ActiveCfg = Release|Any CPU
		{2363F17C-8323-4E92-94FA-E0200623FA72}.Release|Any CPU.Build.0 = Release|Any CPU
		{EA86F193-47F3-4C70-BEF0-3B4E283CA7EA}.Debug|Any CPU.ActiveCfg = Debug|Any CPU
		{EA86F193-47F3-4C70-BEF0-3B4E283CA7EA}.Debug|Any CPU.Build.0 = Debug|Any CPU
		{EA86F193-47F3-4C70-BEF0-3B4E283CA7EA}.Release|Any CPU.ActiveCfg = Release|Any CPU
		{EA86F193-47F3-4C70-BEF0-3B4E283CA7EA}.Release|Any CPU.Build.0 = Release|Any CPU
	EndGlobalSection
	GlobalSection(SolutionProperties) = preSolution
		HideSolutionNode = FALSE
	EndGlobalSection
	GlobalSection(ExtensibilityGlobals) = postSolution
		SolutionGuid = {F62671C8-DC85-4F2E-AB54-67DF2DB7F2CF}
	EndGlobalSection
EndGlobal
